
Microsoft Visual Studio Solution File, Format Version 12.00
# Visual Studio Version 17
VisualStudioVersion = 17.12.35514.174
MinimumVisualStudioVersion = 10.0.40219.1
Project("{8BC9CEB8-8B4A-11D0-8D11-00A0C91BC942}") = "Default", "Default\Default.vcxproj", "{A62CE75A-213D-4E83-92A2-27ABBD12BC4D}"
EndProject
Project("{8BC9CEB8-8B4A-11D0-8D11-00A0C91BC942}") = "01_MathForGamesDemo", "01_MathForGamesDemo\01_MathForGamesDemo.vcxproj", "{A0CF2BE2-2CFB-4757-A81D-2C0385E83EBE}"
EndProject
Project("{8BC9CEB8-8B4A-11D0-8D11-00A0C91BC942}") = "MathLibrary", "MathLibrary\MathLibrary.vcxproj", "{0AB5C897-236C-4CEC-94AC-5C6517E64BEC}"
EndProject
Project("{8BC9CEB8-8B4A-11D0-8D11-00A0C91BC942}") = "02_TwinStick", "02_TwinStick\02_TwinStick.vcxproj", "{C3FE5BAE-8CF9-46F8-91A5-8ABF00E21805}"
EndProject
Global
	GlobalSection(SolutionConfigurationPlatforms) = preSolution
		Debug|x64 = Debug|x64
		Debug|x86 = Debug|x86
		Release|x64 = Release|x64
		Release|x86 = Release|x86
	EndGlobalSection
	GlobalSection(ProjectConfigurationPlatforms) = postSolution
		{A62CE75A-213D-4E83-92A2-27ABBD12BC4D}.Debug|x64.ActiveCfg = Debug|x64
		{A62CE75A-213D-4E83-92A2-27ABBD12BC4D}.Debug|x64.Build.0 = Debug|x64
		{A62CE75A-213D-4E83-92A2-27ABBD12BC4D}.Debug|x86.ActiveCfg = Debug|Win32
		{A62CE75A-213D-4E83-92A2-27ABBD12BC4D}.Debug|x86.Build.0 = Debug|Win32
		{A62CE75A-213D-4E83-92A2-27ABBD12BC4D}.Release|x64.ActiveCfg = Release|x64
		{A62CE75A-213D-4E83-92A2-27ABBD12BC4D}.Release|x64.Build.0 = Release|x64
		{A62CE75A-213D-4E83-92A2-27ABBD12BC4D}.Release|x86.ActiveCfg = Release|Win32
		{A62CE75A-213D-4E83-92A2-27ABBD12BC4D}.Release|x86.Build.0 = Release|Win32
		{A0CF2BE2-2CFB-4757-A81D-2C0385E83EBE}.Debug|x64.ActiveCfg = Debug|x64
		{A0CF2BE2-2CFB-4757-A81D-2C0385E83EBE}.Debug|x64.Build.0 = Debug|x64
		{A0CF2BE2-2CFB-4757-A81D-2C0385E83EBE}.Debug|x86.ActiveCfg = Debug|Win32
		{A0CF2BE2-2CFB-4757-A81D-2C0385E83EBE}.Debug|x86.Build.0 = Debug|Win32
		{A0CF2BE2-2CFB-4757-A81D-2C0385E83EBE}.Release|x64.ActiveCfg = Release|x64
		{A0CF2BE2-2CFB-4757-A81D-2C0385E83EBE}.Release|x64.Build.0 = Release|x64
		{A0CF2BE2-2CFB-4757-A81D-2C0385E83EBE}.Release|x86.ActiveCfg = Release|Win32
		{A0CF2BE2-2CFB-4757-A81D-2C0385E83EBE}.Release|x86.Build.0 = Release|Win32
		{0AB5C897-236C-4CEC-94AC-5C6517E64BEC}.Debug|x64.ActiveCfg = Debug|x64
		{0AB5C897-236C-4CEC-94AC-5C6517E64BEC}.Debug|x64.Build.0 = Debug|x64
		{0AB5C897-236C-4CEC-94AC-5C6517E64BEC}.Debug|x86.ActiveCfg = Debug|Win32
		{0AB5C897-236C-4CEC-94AC-5C6517E64BEC}.Debug|x86.Build.0 = Debug|Win32
		{0AB5C897-236C-4CEC-94AC-5C6517E64BEC}.Release|x64.ActiveCfg = Release|x64
		{0AB5C897-236C-4CEC-94AC-5C6517E64BEC}.Release|x64.Build.0 = Release|x64
		{0AB5C897-236C-4CEC-94AC-5C6517E64BEC}.Release|x86.ActiveCfg = Release|Win32
		{0AB5C897-236C-4CEC-94AC-5C6517E64BEC}.Release|x86.Build.0 = Release|Win32
		{C3FE5BAE-8CF9-46F8-91A5-8ABF00E21805}.Debug|x64.ActiveCfg = Debug|x64
		{C3FE5BAE-8CF9-46F8-91A5-8ABF00E21805}.Debug|x64.Build.0 = Debug|x64
		{C3FE5BAE-8CF9-46F8-91A5-8ABF00E21805}.Debug|x86.ActiveCfg = Debug|Win32
		{C3FE5BAE-8CF9-46F8-91A5-8ABF00E21805}.Debug|x86.Build.0 = Debug|Win32
		{C3FE5BAE-8CF9-46F8-91A5-8ABF00E21805}.Release|x64.ActiveCfg = Release|x64
		{C3FE5BAE-8CF9-46F8-91A5-8ABF00E21805}.Release|x64.Build.0 = Release|x64
		{C3FE5BAE-8CF9-46F8-91A5-8ABF00E21805}.Release|x86.ActiveCfg = Release|Win32
		{C3FE5BAE-8CF9-46F8-91A5-8ABF00E21805}.Release|x86.Build.0 = Release|Win32
	EndGlobalSection
	GlobalSection(SolutionProperties) = preSolution
		HideSolutionNode = FALSE
	EndGlobalSection
EndGlobal
